// !$*UTF8*$!
{
	archiveVersion = 1;
	classes = {
	};
	objectVersion = 50;
	objects = {

/* Begin PBXBuildFile section */
		011FF33B21EFE68D00DDBE02 /* AppDelegate.swift in Sources */ = {isa = PBXBuildFile; fileRef = 011FF33A21EFE68D00DDBE02 /* AppDelegate.swift */; };
		011FF33D21EFE68D00DDBE02 /* ViewController.swift in Sources */ = {isa = PBXBuildFile; fileRef = 011FF33C21EFE68D00DDBE02 /* ViewController.swift */; };
		011FF34021EFE68D00DDBE02 /* Main.storyboard in Resources */ = {isa = PBXBuildFile; fileRef = 011FF33E21EFE68D00DDBE02 /* Main.storyboard */; };
		011FF34221EFE68E00DDBE02 /* Assets.xcassets in Resources */ = {isa = PBXBuildFile; fileRef = 011FF34121EFE68E00DDBE02 /* Assets.xcassets */; };
		011FF34521EFE68E00DDBE02 /* LaunchScreen.storyboard in Resources */ = {isa = PBXBuildFile; fileRef = 011FF34321EFE68E00DDBE02 /* LaunchScreen.storyboard */; };
		011FF34D21EFE73300DDBE02 /* DetailViewController.swift in Sources */ = {isa = PBXBuildFile; fileRef = 011FF34C21EFE73300DDBE02 /* DetailViewController.swift */; };
		011FF34F21F0232000DDBE02 /* PhotoJournal.swift in Sources */ = {isa = PBXBuildFile; fileRef = 011FF34E21F0232000DDBE02 /* PhotoJournal.swift */; };
		011FF35121F0238800DDBE02 /* JournalModel.swift in Sources */ = {isa = PBXBuildFile; fileRef = 011FF35021F0238800DDBE02 /* JournalModel.swift */; };
		011FF35321F0241800DDBE02 /* DataPersistenceManager.swift in Sources */ = {isa = PBXBuildFile; fileRef = 011FF35221F0241800DDBE02 /* DataPersistenceManager.swift */; };
		014A54C421F1201B004EB779 /* PhotoCollectionViewCell.swift in Sources */ = {isa = PBXBuildFile; fileRef = 014A54C321F1201B004EB779 /* PhotoCollectionViewCell.swift */; };
/* End PBXBuildFile section */

/* Begin PBXFileReference section */
		011FF33721EFE68D00DDBE02 /* PhotoJournalApp.app */ = {isa = PBXFileReference; explicitFileType = wrapper.application; includeInIndex = 0; path = PhotoJournalApp.app; sourceTree = BUILT_PRODUCTS_DIR; };
		011FF33A21EFE68D00DDBE02 /* AppDelegate.swift */ = {isa = PBXFileReference; lastKnownFileType = sourcecode.swift; path = AppDelegate.swift; sourceTree = "<group>"; };
		011FF33C21EFE68D00DDBE02 /* ViewController.swift */ = {isa = PBXFileReference; lastKnownFileType = sourcecode.swift; path = ViewController.swift; sourceTree = "<group>"; };
		011FF33F21EFE68D00DDBE02 /* Base */ = {isa = PBXFileReference; lastKnownFileType = file.storyboard; name = Base; path = Base.lproj/Main.storyboard; sourceTree = "<group>"; };
		011FF34121EFE68E00DDBE02 /* Assets.xcassets */ = {isa = PBXFileReference; lastKnownFileType = folder.assetcatalog; path = Assets.xcassets; sourceTree = "<group>"; };
		011FF34421EFE68E00DDBE02 /* Base */ = {isa = PBXFileReference; lastKnownFileType = file.storyboard; name = Base; path = Base.lproj/LaunchScreen.storyboard; sourceTree = "<group>"; };
		011FF34621EFE68E00DDBE02 /* Info.plist */ = {isa = PBXFileReference; lastKnownFileType = text.plist.xml; path = Info.plist; sourceTree = "<group>"; };
		011FF34C21EFE73300DDBE02 /* DetailViewController.swift */ = {isa = PBXFileReference; lastKnownFileType = sourcecode.swift; path = DetailViewController.swift; sourceTree = "<group>"; };
		011FF34E21F0232000DDBE02 /* PhotoJournal.swift */ = {isa = PBXFileReference; lastKnownFileType = sourcecode.swift; path = PhotoJournal.swift; sourceTree = "<group>"; };
		011FF35021F0238800DDBE02 /* JournalModel.swift */ = {isa = PBXFileReference; lastKnownFileType = sourcecode.swift; path = JournalModel.swift; sourceTree = "<group>"; };
		011FF35221F0241800DDBE02 /* DataPersistenceManager.swift */ = {isa = PBXFileReference; lastKnownFileType = sourcecode.swift; path = DataPersistenceManager.swift; sourceTree = "<group>"; };
		014A54C321F1201B004EB779 /* PhotoCollectionViewCell.swift */ = {isa = PBXFileReference; lastKnownFileType = sourcecode.swift; path = PhotoCollectionViewCell.swift; sourceTree = "<group>"; };
/* End PBXFileReference section */

/* Begin PBXFrameworksBuildPhase section */
		011FF33421EFE68D00DDBE02 /* Frameworks */ = {
			isa = PBXFrameworksBuildPhase;
			buildActionMask = 2147483647;
			files = (
			);
			runOnlyForDeploymentPostprocessing = 0;
		};
/* End PBXFrameworksBuildPhase section */

/* Begin PBXGroup section */
		011FF32E21EFE68D00DDBE02 = {
			isa = PBXGroup;
			children = (
				011FF33921EFE68D00DDBE02 /* PhotoJournalApp */,
				011FF33821EFE68D00DDBE02 /* Products */,
			);
			sourceTree = "<group>";
		};
		011FF33821EFE68D00DDBE02 /* Products */ = {
			isa = PBXGroup;
			children = (
				011FF33721EFE68D00DDBE02 /* PhotoJournalApp.app */,
			);
			name = Products;
			sourceTree = "<group>";
		};
		011FF33921EFE68D00DDBE02 /* PhotoJournalApp */ = {
			isa = PBXGroup;
			children = (
				011FF33A21EFE68D00DDBE02 /* AppDelegate.swift */,
				011FF33C21EFE68D00DDBE02 /* ViewController.swift */,
				014A54C321F1201B004EB779 /* PhotoCollectionViewCell.swift */,
				011FF33E21EFE68D00DDBE02 /* Main.storyboard */,
				011FF34C21EFE73300DDBE02 /* DetailViewController.swift */,
				011FF34E21F0232000DDBE02 /* PhotoJournal.swift */,
				011FF35021F0238800DDBE02 /* JournalModel.swift */,
				011FF35221F0241800DDBE02 /* DataPersistenceManager.swift */,
				011FF34121EFE68E00DDBE02 /* Assets.xcassets */,
				011FF34321EFE68E00DDBE02 /* LaunchScreen.storyboard */,
				011FF34621EFE68E00DDBE02 /* Info.plist */,
			);
			path = PhotoJournalApp;
			sourceTree = "<group>";
		};
/* End PBXGroup section */

/* Begin PBXNativeTarget section */
		011FF33621EFE68D00DDBE02 /* PhotoJournalApp */ = {
			isa = PBXNativeTarget;
			buildConfigurationList = 011FF34921EFE68E00DDBE02 /* Build configuration list for PBXNativeTarget "PhotoJournalApp" */;
			buildPhases = (
				011FF33321EFE68D00DDBE02 /* Sources */,
				011FF33421EFE68D00DDBE02 /* Frameworks */,
				011FF33521EFE68D00DDBE02 /* Resources */,
			);
			buildRules = (
			);
			dependencies = (
			);
			name = PhotoJournalApp;
			productName = PhotoJournalApp;
			productReference = 011FF33721EFE68D00DDBE02 /* PhotoJournalApp.app */;
			productType = "com.apple.product-type.application";
		};
/* End PBXNativeTarget section */

/* Begin PBXProject section */
		011FF32F21EFE68D00DDBE02 /* Project object */ = {
			isa = PBXProject;
			attributes = {
				LastSwiftUpdateCheck = 1000;
				LastUpgradeCheck = 1000;
				ORGANIZATIONNAME = Nathalie;
				TargetAttributes = {
					011FF33621EFE68D00DDBE02 = {
						CreatedOnToolsVersion = 10.0;
					};
				};
			};
			buildConfigurationList = 011FF33221EFE68D00DDBE02 /* Build configuration list for PBXProject "PhotoJournalApp" */;
			compatibilityVersion = "Xcode 9.3";
			developmentRegion = en;
			hasScannedForEncodings = 0;
			knownRegions = (
				en,
				Base,
			);
			mainGroup = 011FF32E21EFE68D00DDBE02;
			productRefGroup = 011FF33821EFE68D00DDBE02 /* Products */;
			projectDirPath = "";
			projectRoot = "";
			targets = (
				011FF33621EFE68D00DDBE02 /* PhotoJournalApp */,
			);
		};
/* End PBXProject section */

/* Begin PBXResourcesBuildPhase section */
		011FF33521EFE68D00DDBE02 /* Resources */ = {
			isa = PBXResourcesBuildPhase;
			buildActionMask = 2147483647;
			files = (
				011FF34521EFE68E00DDBE02 /* LaunchScreen.storyboard in Resources */,
				011FF34221EFE68E00DDBE02 /* Assets.xcassets in Resources */,
				011FF34021EFE68D00DDBE02 /* Main.storyboard in Resources */,
			);
			runOnlyForDeploymentPostprocessing = 0;
		};
/* End PBXResourcesBuildPhase section */

/* Begin PBXSourcesBuildPhase section */
		011FF33321EFE68D00DDBE02 /* Sources */ = {
			isa = PBXSourcesBuildPhase;
			buildActionMask = 2147483647;
			files = (
				011FF34D21EFE73300DDBE02 /* DetailViewController.swift in Sources */,
				011FF33D21EFE68D00DDBE02 /* ViewController.swift in Sources */,
				011FF34F21F0232000DDBE02 /* PhotoJournal.swift in Sources */,
				011FF35321F0241800DDBE02 /* DataPersistenceManager.swift in Sources */,
				014A54C421F1201B004EB779 /* PhotoCollectionViewCell.swift in Sources */,
				011FF35121F0238800DDBE02 /* JournalModel.swift in Sources */,
				011FF33B21EFE68D00DDBE02 /* AppDelegate.swift in Sources */,
			);
			runOnlyForDeploymentPostprocessing = 0;
		};
/* End PBXSourcesBuildPhase section */

/* Begin PBXVariantGroup section */
		011FF33E21EFE68D00DDBE02 /* Main.storyboard */ = {
			isa = PBXVariantGroup;
			children = (
				011FF33F21EFE68D00DDBE02 /* Base */,
			);
			name = Main.storyboard;
			sourceTree = "<group>";
		};
		011FF34321EFE68E00DDBE02 /* LaunchScreen.storyboard */ = {
			isa = PBXVariantGroup;
			children = (
				011FF34421EFE68E00DDBE02 /* Base */,
			);
			name = LaunchScreen.storyboard;
			sourceTree = "<group>";
		};
/* End PBXVariantGroup section */

/* Begin XCBuildConfiguration section */
		011FF34721EFE68E00DDBE02 /* Debug */ = {
			isa = XCBuildConfiguration;
			buildSettings = {
				ALWAYS_SEARCH_USER_PATHS = NO;
				CLANG_ANALYZER_NONNULL = YES;
				CLANG_ANALYZER_NUMBER_OBJECT_CONVERSION = YES_AGGRESSIVE;
				CLANG_CXX_LANGUAGE_STANDARD = "gnu++14";
				CLANG_CXX_LIBRARY = "libc++";
				CLANG_ENABLE_MODULES = YES;
				CLANG_ENABLE_OBJC_ARC = YES;
				CLANG_ENABLE_OBJC_WEAK = YES;
				CLANG_WARN_BLOCK_CAPTURE_AUTORELEASING = YES;
				CLANG_WARN_BOOL_CONVERSION = YES;
				CLANG_WARN_COMMA = YES;
				CLANG_WARN_CONSTANT_CONVERSION = YES;
				CLANG_WARN_DEPRECATED_OBJC_IMPLEMENTATIONS = YES;
				CLANG_WARN_DIRECT_OBJC_ISA_USAGE = YES_ERROR;
				CLANG_WARN_DOCUMENTATION_COMMENTS = YES;
				CLANG_WARN_EMPTY_BODY = YES;
				CLANG_WARN_ENUM_CONVERSION = YES;
				CLANG_WARN_INFINITE_RECURSION = YES;
				CLANG_WARN_INT_CONVERSION = YES;
				CLANG_WARN_NON_LITERAL_NULL_CONVERSION = YES;
				CLANG_WARN_OBJC_IMPLICIT_RETAIN_SELF = YES;
				CLANG_WARN_OBJC_LITERAL_CONVERSION = YES;
				CLANG_WARN_OBJC_ROOT_CLASS = YES_ERROR;
				CLANG_WARN_RANGE_LOOP_ANALYSIS = YES;
				CLANG_WARN_STRICT_PROTOTYPES = YES;
				CLANG_WARN_SUSPICIOUS_MOVE = YES;
				CLANG_WARN_UNGUARDED_AVAILABILITY = YES_AGGRESSIVE;
				CLANG_WARN_UNREACHABLE_CODE = YES;
				CLANG_WARN__DUPLICATE_METHOD_MATCH = YES;
				CODE_SIGN_IDENTITY = "iPhone Developer";
				COPY_PHASE_STRIP = NO;
				DEBUG_INFORMATION_FORMAT = dwarf;
				ENABLE_STRICT_OBJC_MSGSEND = YES;
				ENABLE_TESTABILITY = YES;
				GCC_C_LANGUAGE_STANDARD = gnu11;
				GCC_DYNAMIC_NO_PIC = NO;
				GCC_NO_COMMON_BLOCKS = YES;
				GCC_OPTIMIZATION_LEVEL = 0;
				GCC_PREPROCESSOR_DEFINITIONS = (
					"DEBUG=1",
					"$(inherited)",
				);
				GCC_WARN_64_TO_32_BIT_CONVERSION = YES;
				GCC_WARN_ABOUT_RETURN_TYPE = YES_ERROR;
				GCC_WARN_UNDECLARED_SELECTOR = YES;
				GCC_WARN_UNINITIALIZED_AUTOS = YES_AGGRESSIVE;
				GCC_WARN_UNUSED_FUNCTION = YES;
				GCC_WARN_UNUSED_VARIABLE = YES;
				IPHONEOS_DEPLOYMENT_TARGET = 12.0;
				MTL_ENABLE_DEBUG_INFO = INCLUDE_SOURCE;
				MTL_FAST_MATH = YES;
				ONLY_ACTIVE_ARCH = YES;
				SDKROOT = iphoneos;
				SWIFT_ACTIVE_COMPILATION_CONDITIONS = DEBUG;
				SWIFT_OPTIMIZATION_LEVEL = "-Onone";
			};
			name = Debug;
		};
		011FF34821EFE68E00DDBE02 /* Release */ = {
			isa = XCBuildConfiguration;
			buildSettings = {
				ALWAYS_SEARCH_USER_PATHS = NO;
				CLANG_ANALYZER_NONNULL = YES;
				CLANG_ANALYZER_NUMBER_OBJECT_CONVERSION = YES_AGGRESSIVE;
				CLANG_CXX_LANGUAGE_STANDARD = "gnu++14";
				CLANG_CXX_LIBRARY = "libc++";
				CLANG_ENABLE_MODULES = YES;
				CLANG_ENABLE_OBJC_ARC = YES;
				CLANG_ENABLE_OBJC_WEAK = YES;
				CLANG_WARN_BLOCK_CAPTURE_AUTORELEASING = YES;
				CLANG_WARN_BOOL_CONVERSION = YES;
				CLANG_WARN_COMMA = YES;
				CLANG_WARN_CONSTANT_CONVERSION = YES;
				CLANG_WARN_DEPRECATED_OBJC_IMPLEMENTATIONS = YES;
				CLANG_WARN_DIRECT_OBJC_ISA_USAGE = YES_ERROR;
				CLANG_WARN_DOCUMENTATION_COMMENTS = YES;
				CLANG_WARN_EMPTY_BODY = YES;
				CLANG_WARN_ENUM_CONVERSION = YES;
				CLANG_WARN_INFINITE_RECURSION = YES;
				CLANG_WARN_INT_CONVERSION = YES;
				CLANG_WARN_NON_LITERAL_NULL_CONVERSION = YES;
				CLANG_WARN_OBJC_IMPLICIT_RETAIN_SELF = YES;
				CLANG_WARN_OBJC_LITERAL_CONVERSION = YES;
				CLANG_WARN_OBJC_ROOT_CLASS = YES_ERROR;
				CLANG_WARN_RANGE_LOOP_ANALYSIS = YES;
				CLANG_WARN_STRICT_PROTOTYPES = YES;
				CLANG_WARN_SUSPICIOUS_MOVE = YES;
				CLANG_WARN_UNGUARDED_AVAILABILITY = YES_AGGRESSIVE;
				CLANG_WARN_UNREACHABLE_CODE = YES;
				CLANG_WARN__DUPLICATE_METHOD_MATCH = YES;
				CODE_SIGN_IDENTITY = "iPhone Developer";
				COPY_PHASE_STRIP = NO;
				DEBUG_INFORMATION_FORMAT = "dwarf-with-dsym";
				ENABLE_NS_ASSERTIONS = NO;
				ENABLE_STRICT_OBJC_MSGSEND = YES;
				GCC_C_LANGUAGE_STANDARD = gnu11;
				GCC_NO_COMMON_BLOCKS = YES;
				GCC_WARN_64_TO_32_BIT_CONVERSION = YES;
				GCC_WARN_ABOUT_RETURN_TYPE = YES_ERROR;
				GCC_WARN_UNDECLARED_SELECTOR = YES;
				GCC_WARN_UNINITIALIZED_AUTOS = YES_AGGRESSIVE;
				GCC_WARN_UNUSED_FUNCTION = YES;
				GCC_WARN_UNUSED_VARIABLE = YES;
				IPHONEOS_DEPLOYMENT_TARGET = 12.0;
				MTL_ENABLE_DEBUG_INFO = NO;
				MTL_FAST_MATH = YES;
				SDKROOT = iphoneos;
				SWIFT_COMPILATION_MODE = wholemodule;
				SWIFT_OPTIMIZATION_LEVEL = "-O";
				VALIDATE_PRODUCT = YES;
			};
			name = Release;
		};
		011FF34A21EFE68E00DDBE02 /* Debug */ = {
			isa = XCBuildConfiguration;
			buildSettings = {
				ASSETCATALOG_COMPILER_APPICON_NAME = AppIcon;
				CODE_SIGN_STYLE = Automatic;
				DEVELOPMENT_TEAM = VH9A32XL3Y;
				INFOPLIST_FILE = PhotoJournalApp/Info.plist;
				LD_RUNPATH_SEARCH_PATHS = (
					"$(inherited)",
					"@executable_path/Frameworks",
				);
				PRODUCT_BUNDLE_IDENTIFIER = com.c.PhotoJournalApp;
				PRODUCT_NAME = "$(TARGET_NAME)";
				SWIFT_VERSION = 4.2;
				TARGETED_DEVICE_FAMILY = "1,2";
			};
			name = Debug;
		};
		011FF34B21EFE68E00DDBE02 /* Release */ = {
			isa = XCBuildConfiguration;
			buildSettings = {
				ASSETCATALOG_COMPILER_APPICON_NAME = AppIcon;
				CODE_SIGN_STYLE = Automatic;
				DEVELOPMENT_TEAM = VH9A32XL3Y;
				INFOPLIST_FILE = PhotoJournalApp/Info.plist;
				LD_RUNPATH_SEARCH_PATHS = (
					"$(inherited)",
					"@executable_path/Frameworks",
				);
				PRODUCT_BUNDLE_IDENTIFIER = com.c.PhotoJournalApp;
				PRODUCT_NAME = "$(TARGET_NAME)";
				SWIFT_VERSION = 4.2;
				TARGETED_DEVICE_FAMILY = "1,2";
			};
			name = Release;
		};
/* End XCBuildConfiguration section */

/* Begin XCConfigurationList section */
		011FF33221EFE68D00DDBE02 /* Build configuration list for PBXProject "PhotoJournalApp" */ = {
			isa = XCConfigurationList;
			buildConfigurations = (
				011FF34721EFE68E00DDBE02 /* Debug */,
				011FF34821EFE68E00DDBE02 /* Release */,
			);
			defaultConfigurationIsVisible = 0;
			defaultConfigurationName = Release;
		};
		011FF34921EFE68E00DDBE02 /* Build configuration list for PBXNativeTarget "PhotoJournalApp" */ = {
			isa = XCConfigurationList;
			buildConfigurations = (
				011FF34A21EFE68E00DDBE02 /* Debug */,
				011FF34B21EFE68E00DDBE02 /* Release */,
			);
			defaultConfigurationIsVisible = 0;
			defaultConfigurationName = Release;
		};
/* End XCConfigurationList section */
	};
	rootObject = 011FF32F21EFE68D00DDBE02 /* Project object */;
}
